// !$*UTF8*$!
{
	archiveVersion = 1;
	classes = {
	};
	objectVersion = 55;
	objects = {

/* Begin PBXBuildFile section */
		5F40C29329355DD200E2ABFD /* AppDelegate.swift in Sources */ = {isa = PBXBuildFile; fileRef = 5F40C29229355DD200E2ABFD /* AppDelegate.swift */; };
		5F40C29529355DD200E2ABFD /* SceneDelegate.swift in Sources */ = {isa = PBXBuildFile; fileRef = 5F40C29429355DD200E2ABFD /* SceneDelegate.swift */; };
		5F40C29729355DD200E2ABFD /* MainTabBarViewController.swift in Sources */ = {isa = PBXBuildFile; fileRef = 5F40C29629355DD200E2ABFD /* MainTabBarViewController.swift */; };
		5F40C29C29355DD300E2ABFD /* Assets.xcassets in Resources */ = {isa = PBXBuildFile; fileRef = 5F40C29B29355DD300E2ABFD /* Assets.xcassets */; };
		5F40C29F29355DD300E2ABFD /* LaunchScreen.storyboard in Resources */ = {isa = PBXBuildFile; fileRef = 5F40C29D29355DD300E2ABFD /* LaunchScreen.storyboard */; };
		5F40C2A82935606200E2ABFD /* HomeViewController.swift in Sources */ = {isa = PBXBuildFile; fileRef = 5F40C2A72935606200E2ABFD /* HomeViewController.swift */; };
		5F40C2AA2935607E00E2ABFD /* UpcomingViewController.swift in Sources */ = {isa = PBXBuildFile; fileRef = 5F40C2A92935607E00E2ABFD /* UpcomingViewController.swift */; };
		5F40C2AC2935609300E2ABFD /* SearchViewController.swift in Sources */ = {isa = PBXBuildFile; fileRef = 5F40C2AB2935609300E2ABFD /* SearchViewController.swift */; };
		5F40C2AE293560B200E2ABFD /* DownloadsViewController.swift in Sources */ = {isa = PBXBuildFile; fileRef = 5F40C2AD293560B200E2ABFD /* DownloadsViewController.swift */; };
		5F40C2B52935692A00E2ABFD /* CollectionViewTableViewCell.swift in Sources */ = {isa = PBXBuildFile; fileRef = 5F40C2B42935692A00E2ABFD /* CollectionViewTableViewCell.swift */; };
		5F40C2B729356DC100E2ABFD /* HeroHeaderUIView.swift in Sources */ = {isa = PBXBuildFile; fileRef = 5F40C2B629356DC100E2ABFD /* HeroHeaderUIView.swift */; };
		5F42D0E3293AFD42002E97D0 /* SDWebImage in Frameworks */ = {isa = PBXBuildFile; productRef = 5F42D0E2293AFD42002E97D0 /* SDWebImage */; };
		5F42D0E5293AFD42002E97D0 /* SDWebImageMapKit in Frameworks */ = {isa = PBXBuildFile; productRef = 5F42D0E4293AFD42002E97D0 /* SDWebImageMapKit */; };
		5F42D0E7293BEF02002E97D0 /* TitleTableViewCell.swift in Sources */ = {isa = PBXBuildFile; fileRef = 5F42D0E6293BEF02002E97D0 /* TitleTableViewCell.swift */; };
		5F42D0E9293BF2A6002E97D0 /* TitleModel.swift in Sources */ = {isa = PBXBuildFile; fileRef = 5F42D0E8293BF2A6002E97D0 /* TitleModel.swift */; };
		5F42D0EB293CF8F1002E97D0 /* SearchResultViewController.swift in Sources */ = {isa = PBXBuildFile; fileRef = 5F42D0EA293CF8F1002E97D0 /* SearchResultViewController.swift */; };
		5F42D0EF293E8867002E97D0 /* YoutubeSearchResults.swift in Sources */ = {isa = PBXBuildFile; fileRef = 5F42D0EE293E8867002E97D0 /* YoutubeSearchResults.swift */; };
		5F42D0F1293E8E52002E97D0 /* TitlePreviewViewController.swift in Sources */ = {isa = PBXBuildFile; fileRef = 5F42D0F0293E8E52002E97D0 /* TitlePreviewViewController.swift */; };
		5F42D0F3293FD063002E97D0 /* TitlePreviewViewModel.swift in Sources */ = {isa = PBXBuildFile; fileRef = 5F42D0F2293FD063002E97D0 /* TitlePreviewViewModel.swift */; };
		5F42D11929411B37002E97D0 /* NetflixCloneModel.xcdatamodeld in Sources */ = {isa = PBXBuildFile; fileRef = 5F42D11729411B37002E97D0 /* NetflixCloneModel.xcdatamodeld */; };
		5F42D11B29411DC3002E97D0 /* DataPersistenceManager.swift in Sources */ = {isa = PBXBuildFile; fileRef = 5F42D11A29411DC3002E97D0 /* DataPersistenceManager.swift */; };
		5F6E2C5B293A9D0A00CF1032 /* TitleCollectionViewCell.swift in Sources */ = {isa = PBXBuildFile; fileRef = 5F6E2C5A293A9D0A00CF1032 /* TitleCollectionViewCell.swift */; };
		5F8A20AC29394E4800940368 /* APICaller.swift in Sources */ = {isa = PBXBuildFile; fileRef = 5F8A20AB29394E4800940368 /* APICaller.swift */; };
		5F8A20AE29395EAD00940368 /* Title.swift in Sources */ = {isa = PBXBuildFile; fileRef = 5F8A20AD29395EAD00940368 /* Title.swift */; };
		5F8A20B0293962A100940368 /* Extensions.swift in Sources */ = {isa = PBXBuildFile; fileRef = 5F8A20AF293962A100940368 /* Extensions.swift */; };
/* End PBXBuildFile section */

/* Begin PBXFileReference section */
		5F40C28F29355DD200E2ABFD /* Netflix.app */ = {isa = PBXFileReference; explicitFileType = wrapper.application; includeInIndex = 0; path = Netflix.app; sourceTree = BUILT_PRODUCTS_DIR; };
		5F40C29229355DD200E2ABFD /* AppDelegate.swift */ = {isa = PBXFileReference; lastKnownFileType = sourcecode.swift; path = AppDelegate.swift; sourceTree = "<group>"; };
		5F40C29429355DD200E2ABFD /* SceneDelegate.swift */ = {isa = PBXFileReference; lastKnownFileType = sourcecode.swift; path = SceneDelegate.swift; sourceTree = "<group>"; };
		5F40C29629355DD200E2ABFD /* MainTabBarViewController.swift */ = {isa = PBXFileReference; lastKnownFileType = sourcecode.swift; path = MainTabBarViewController.swift; sourceTree = "<group>"; };
		5F40C29B29355DD300E2ABFD /* Assets.xcassets */ = {isa = PBXFileReference; lastKnownFileType = folder.assetcatalog; path = Assets.xcassets; sourceTree = "<group>"; };
		5F40C29E29355DD300E2ABFD /* Base */ = {isa = PBXFileReference; lastKnownFileType = file.storyboard; name = Base; path = Base.lproj/LaunchScreen.storyboard; sourceTree = "<group>"; };
		5F40C2A029355DD300E2ABFD /* Info.plist */ = {isa = PBXFileReference; lastKnownFileType = text.plist.xml; path = Info.plist; sourceTree = "<group>"; };
		5F40C2A72935606200E2ABFD /* HomeViewController.swift */ = {isa = PBXFileReference; lastKnownFileType = sourcecode.swift; path = HomeViewController.swift; sourceTree = "<group>"; };
		5F40C2A92935607E00E2ABFD /* UpcomingViewController.swift */ = {isa = PBXFileReference; lastKnownFileType = sourcecode.swift; path = UpcomingViewController.swift; sourceTree = "<group>"; };
		5F40C2AB2935609300E2ABFD /* SearchViewController.swift */ = {isa = PBXFileReference; lastKnownFileType = sourcecode.swift; path = SearchViewController.swift; sourceTree = "<group>"; };
		5F40C2AD293560B200E2ABFD /* DownloadsViewController.swift */ = {isa = PBXFileReference; lastKnownFileType = sourcecode.swift; path = DownloadsViewController.swift; sourceTree = "<group>"; };
		5F40C2B42935692A00E2ABFD /* CollectionViewTableViewCell.swift */ = {isa = PBXFileReference; lastKnownFileType = sourcecode.swift; path = CollectionViewTableViewCell.swift; sourceTree = "<group>"; };
		5F40C2B629356DC100E2ABFD /* HeroHeaderUIView.swift */ = {isa = PBXFileReference; lastKnownFileType = sourcecode.swift; path = HeroHeaderUIView.swift; sourceTree = "<group>"; };
		5F42D0E6293BEF02002E97D0 /* TitleTableViewCell.swift */ = {isa = PBXFileReference; lastKnownFileType = sourcecode.swift; path = TitleTableViewCell.swift; sourceTree = "<group>"; };
		5F42D0E8293BF2A6002E97D0 /* TitleModel.swift */ = {isa = PBXFileReference; lastKnownFileType = sourcecode.swift; path = TitleModel.swift; sourceTree = "<group>"; };
		5F42D0EA293CF8F1002E97D0 /* SearchResultViewController.swift */ = {isa = PBXFileReference; lastKnownFileType = sourcecode.swift; path = SearchResultViewController.swift; sourceTree = "<group>"; };
		5F42D0EE293E8867002E97D0 /* YoutubeSearchResults.swift */ = {isa = PBXFileReference; lastKnownFileType = sourcecode.swift; path = YoutubeSearchResults.swift; sourceTree = "<group>"; };
		5F42D0F0293E8E52002E97D0 /* TitlePreviewViewController.swift */ = {isa = PBXFileReference; lastKnownFileType = sourcecode.swift; path = TitlePreviewViewController.swift; sourceTree = "<group>"; };
		5F42D0F2293FD063002E97D0 /* TitlePreviewViewModel.swift */ = {isa = PBXFileReference; lastKnownFileType = sourcecode.swift; path = TitlePreviewViewModel.swift; sourceTree = "<group>"; };
		5F42D11829411B37002E97D0 /* NetflixCloneModel.xcdatamodel */ = {isa = PBXFileReference; lastKnownFileType = wrapper.xcdatamodel; path = NetflixCloneModel.xcdatamodel; sourceTree = "<group>"; };
		5F42D11A29411DC3002E97D0 /* DataPersistenceManager.swift */ = {isa = PBXFileReference; lastKnownFileType = sourcecode.swift; path = DataPersistenceManager.swift; sourceTree = "<group>"; };
		5F6E2C5A293A9D0A00CF1032 /* TitleCollectionViewCell.swift */ = {isa = PBXFileReference; lastKnownFileType = sourcecode.swift; path = TitleCollectionViewCell.swift; sourceTree = "<group>"; };
		5F8A20AB29394E4800940368 /* APICaller.swift */ = {isa = PBXFileReference; lastKnownFileType = sourcecode.swift; path = APICaller.swift; sourceTree = "<group>"; };
		5F8A20AD29395EAD00940368 /* Title.swift */ = {isa = PBXFileReference; lastKnownFileType = sourcecode.swift; path = Title.swift; sourceTree = "<group>"; };
		5F8A20AF293962A100940368 /* Extensions.swift */ = {isa = PBXFileReference; lastKnownFileType = sourcecode.swift; path = Extensions.swift; sourceTree = "<group>"; };
/* End PBXFileReference section */

/* Begin PBXFrameworksBuildPhase section */
		5F40C28C29355DD200E2ABFD /* Frameworks */ = {
			isa = PBXFrameworksBuildPhase;
			buildActionMask = 2147483647;
			files = (
				5F42D0E5293AFD42002E97D0 /* SDWebImageMapKit in Frameworks */,
				5F42D0E3293AFD42002E97D0 /* SDWebImage in Frameworks */,
			);
			runOnlyForDeploymentPostprocessing = 0;
		};
/* End PBXFrameworksBuildPhase section */

/* Begin PBXGroup section */
		5F40C28629355DD200E2ABFD = {
			isa = PBXGroup;
			children = (
				5F40C29129355DD200E2ABFD /* Netflix */,
				5F40C29029355DD200E2ABFD /* Products */,
			);
			sourceTree = "<group>";
		};
		5F40C29029355DD200E2ABFD /* Products */ = {
			isa = PBXGroup;
			children = (
				5F40C28F29355DD200E2ABFD /* Netflix.app */,
			);
			name = Products;
			sourceTree = "<group>";
		};
		5F40C29129355DD200E2ABFD /* Netflix */ = {
			isa = PBXGroup;
			children = (
				5F40C2B3293568DF00E2ABFD /* Managers */,
				5F40C2B2293568D300E2ABFD /* Resources */,
				5F40C2B1293568B100E2ABFD /* Models */,
				5F40C2AF2935689900E2ABFD /* Views */,
				5F40C2B0293568A400E2ABFD /* ViewModels */,
				5F40C2A62935605100E2ABFD /* Controllers */,
				5F40C29B29355DD300E2ABFD /* Assets.xcassets */,
				5F40C29D29355DD300E2ABFD /* LaunchScreen.storyboard */,
				5F40C2A029355DD300E2ABFD /* Info.plist */,
				5F42D11729411B37002E97D0 /* NetflixCloneModel.xcdatamodeld */,
			);
			path = Netflix;
			sourceTree = "<group>";
		};
		5F40C2A62935605100E2ABFD /* Controllers */ = {
			isa = PBXGroup;
			children = (
				5F42D0ED293CF942002E97D0 /* Ceneral */,
				5F42D0EC293CF91C002E97D0 /* Core */,
			);
			path = Controllers;
			sourceTree = "<group>";
		};
		5F40C2AF2935689900E2ABFD /* Views */ = {
			isa = PBXGroup;
			children = (
				5F40C2B42935692A00E2ABFD /* CollectionViewTableViewCell.swift */,
				5F40C2B629356DC100E2ABFD /* HeroHeaderUIView.swift */,
				5F6E2C5A293A9D0A00CF1032 /* TitleCollectionViewCell.swift */,
				5F42D0E6293BEF02002E97D0 /* TitleTableViewCell.swift */,
			);
			path = Views;
			sourceTree = "<group>";
		};
		5F40C2B0293568A400E2ABFD /* ViewModels */ = {
			isa = PBXGroup;
			children = (
				5F42D0E8293BF2A6002E97D0 /* TitleModel.swift */,
				5F42D0F2293FD063002E97D0 /* TitlePreviewViewModel.swift */,
			);
			path = ViewModels;
			sourceTree = "<group>";
		};
		5F40C2B1293568B100E2ABFD /* Models */ = {
			isa = PBXGroup;
			children = (
				5F8A20AD29395EAD00940368 /* Title.swift */,
				5F42D0EE293E8867002E97D0 /* YoutubeSearchResults.swift */,
			);
			path = Models;
			sourceTree = "<group>";
		};
		5F40C2B2293568D300E2ABFD /* Resources */ = {
			isa = PBXGroup;
			children = (
				5F40C29429355DD200E2ABFD /* SceneDelegate.swift */,
				5F40C29229355DD200E2ABFD /* AppDelegate.swift */,
				5F8A20AF293962A100940368 /* Extensions.swift */,
			);
			path = Resources;
			sourceTree = "<group>";
		};
		5F40C2B3293568DF00E2ABFD /* Managers */ = {
			isa = PBXGroup;
			children = (
				5F8A20AB29394E4800940368 /* APICaller.swift */,
				5F42D11A29411DC3002E97D0 /* DataPersistenceManager.swift */,
			);
			path = Managers;
			sourceTree = "<group>";
		};
		5F42D0EC293CF91C002E97D0 /* Core */ = {
			isa = PBXGroup;
			children = (
				5F40C29629355DD200E2ABFD /* MainTabBarViewController.swift */,
				5F40C2A72935606200E2ABFD /* HomeViewController.swift */,
				5F40C2A92935607E00E2ABFD /* UpcomingViewController.swift */,
				5F40C2AB2935609300E2ABFD /* SearchViewController.swift */,
				5F40C2AD293560B200E2ABFD /* DownloadsViewController.swift */,
			);
			path = Core;
			sourceTree = "<group>";
		};
		5F42D0ED293CF942002E97D0 /* Ceneral */ = {
			isa = PBXGroup;
			children = (
				5F42D0EA293CF8F1002E97D0 /* SearchResultViewController.swift */,
				5F42D0F0293E8E52002E97D0 /* TitlePreviewViewController.swift */,
			);
			path = Ceneral;
			sourceTree = "<group>";
		};
/* End PBXGroup section */

/* Begin PBXNativeTarget section */
		5F40C28E29355DD200E2ABFD /* Netflix */ = {
			isa = PBXNativeTarget;
			buildConfigurationList = 5F40C2A329355DD300E2ABFD /* Build configuration list for PBXNativeTarget "Netflix" */;
			buildPhases = (
				5F40C28B29355DD200E2ABFD /* Sources */,
				5F40C28C29355DD200E2ABFD /* Frameworks */,
				5F40C28D29355DD200E2ABFD /* Resources */,
			);
			buildRules = (
			);
			dependencies = (
			);
			name = Netflix;
			packageProductDependencies = (
				5F42D0E2293AFD42002E97D0 /* SDWebImage */,
				5F42D0E4293AFD42002E97D0 /* SDWebImageMapKit */,
			);
			productName = Netflix;
			productReference = 5F40C28F29355DD200E2ABFD /* Netflix.app */;
			productType = "com.apple.product-type.application";
		};
/* End PBXNativeTarget section */

/* Begin PBXProject section */
		5F40C28729355DD200E2ABFD /* Project object */ = {
			isa = PBXProject;
			attributes = {
				BuildIndependentTargetsInParallel = 1;
				LastSwiftUpdateCheck = 1340;
				LastUpgradeCheck = 1340;
				TargetAttributes = {
					5F40C28E29355DD200E2ABFD = {
						CreatedOnToolsVersion = 13.4.1;
					};
				};
			};
			buildConfigurationList = 5F40C28A29355DD200E2ABFD /* Build configuration list for PBXProject "Netflix" */;
			compatibilityVersion = "Xcode 13.0";
			developmentRegion = en;
			hasScannedForEncodings = 0;
			knownRegions = (
				en,
				Base,
			);
			mainGroup = 5F40C28629355DD200E2ABFD;
			packageReferences = (
				5F42D0E1293AFD42002E97D0 /* XCRemoteSwiftPackageReference "SDWebImage" */,
			);
			productRefGroup = 5F40C29029355DD200E2ABFD /* Products */;
			projectDirPath = "";
			projectRoot = "";
			targets = (
				5F40C28E29355DD200E2ABFD /* Netflix */,
			);
		};
/* End PBXProject section */

/* Begin PBXResourcesBuildPhase section */
		5F40C28D29355DD200E2ABFD /* Resources */ = {
			isa = PBXResourcesBuildPhase;
			buildActionMask = 2147483647;
			files = (
				5F40C29F29355DD300E2ABFD /* LaunchScreen.storyboard in Resources */,
				5F40C29C29355DD300E2ABFD /* Assets.xcassets in Resources */,
			);
			runOnlyForDeploymentPostprocessing = 0;
		};
/* End PBXResourcesBuildPhase section */

/* Begin PBXSourcesBuildPhase section */
		5F40C28B29355DD200E2ABFD /* Sources */ = {
			isa = PBXSourcesBuildPhase;
			buildActionMask = 2147483647;
			files = (
				5F42D0E7293BEF02002E97D0 /* TitleTableViewCell.swift in Sources */,
				5F40C2AC2935609300E2ABFD /* SearchViewController.swift in Sources */,
				5F6E2C5B293A9D0A00CF1032 /* TitleCollectionViewCell.swift in Sources */,
				5F42D11B29411DC3002E97D0 /* DataPersistenceManager.swift in Sources */,
				5F40C29729355DD200E2ABFD /* MainTabBarViewController.swift in Sources */,
				5F40C2B52935692A00E2ABFD /* CollectionViewTableViewCell.swift in Sources */,
				5F42D0E9293BF2A6002E97D0 /* TitleModel.swift in Sources */,
				5F42D11929411B37002E97D0 /* NetflixCloneModel.xcdatamodeld in Sources */,
				5F8A20AC29394E4800940368 /* APICaller.swift in Sources */,
				5F40C2B729356DC100E2ABFD /* HeroHeaderUIView.swift in Sources */,
				5F40C2AE293560B200E2ABFD /* DownloadsViewController.swift in Sources */,
				5F42D0EF293E8867002E97D0 /* YoutubeSearchResults.swift in Sources */,
				5F40C29329355DD200E2ABFD /* AppDelegate.swift in Sources */,
				5F8A20B0293962A100940368 /* Extensions.swift in Sources */,
				5F40C29529355DD200E2ABFD /* SceneDelegate.swift in Sources */,
				5F42D0F3293FD063002E97D0 /* TitlePreviewViewModel.swift in Sources */,
				5F40C2AA2935607E00E2ABFD /* UpcomingViewController.swift in Sources */,
				5F42D0F1293E8E52002E97D0 /* TitlePreviewViewController.swift in Sources */,
				5F8A20AE29395EAD00940368 /* Title.swift in Sources */,
				5F42D0EB293CF8F1002E97D0 /* SearchResultViewController.swift in Sources */,
				5F40C2A82935606200E2ABFD /* HomeViewController.swift in Sources */,
			);
			runOnlyForDeploymentPostprocessing = 0;
		};
/* End PBXSourcesBuildPhase section */

/* Begin PBXVariantGroup section */
		5F40C29D29355DD300E2ABFD /* LaunchScreen.storyboard */ = {
			isa = PBXVariantGroup;
			children = (
				5F40C29E29355DD300E2ABFD /* Base */,
			);
			name = LaunchScreen.storyboard;
			sourceTree = "<group>";
		};
/* End PBXVariantGroup section */

/* Begin XCBuildConfiguration section */
		5F40C2A129355DD300E2ABFD /* Debug */ = {
			isa = XCBuildConfiguration;
			buildSettings = {
				ALWAYS_SEARCH_USER_PATHS = NO;
				CLANG_ANALYZER_NONNULL = YES;
				CLANG_ANALYZER_NUMBER_OBJECT_CONVERSION = YES_AGGRESSIVE;
				CLANG_CXX_LANGUAGE_STANDARD = "gnu++17";
				CLANG_ENABLE_MODULES = YES;
				CLANG_ENABLE_OBJC_ARC = YES;
				CLANG_ENABLE_OBJC_WEAK = YES;
				CLANG_WARN_BLOCK_CAPTURE_AUTORELEASING = YES;
				CLANG_WARN_BOOL_CONVERSION = YES;
				CLANG_WARN_COMMA = YES;
				CLANG_WARN_CONSTANT_CONVERSION = YES;
				CLANG_WARN_DEPRECATED_OBJC_IMPLEMENTATIONS = YES;
				CLANG_WARN_DIRECT_OBJC_ISA_USAGE = YES_ERROR;
				CLANG_WARN_DOCUMENTATION_COMMENTS = YES;
				CLANG_WARN_EMPTY_BODY = YES;
				CLANG_WARN_ENUM_CONVERSION = YES;
				CLANG_WARN_INFINITE_RECURSION = YES;
				CLANG_WARN_INT_CONVERSION = YES;
				CLANG_WARN_NON_LITERAL_NULL_CONVERSION = YES;
				CLANG_WARN_OBJC_IMPLICIT_RETAIN_SELF = YES;
				CLANG_WARN_OBJC_LITERAL_CONVERSION = YES;
				CLANG_WARN_OBJC_ROOT_CLASS = YES_ERROR;
				CLANG_WARN_QUOTED_INCLUDE_IN_FRAMEWORK_HEADER = YES;
				CLANG_WARN_RANGE_LOOP_ANALYSIS = YES;
				CLANG_WARN_STRICT_PROTOTYPES = YES;
				CLANG_WARN_SUSPICIOUS_MOVE = YES;
				CLANG_WARN_UNGUARDED_AVAILABILITY = YES_AGGRESSIVE;
				CLANG_WARN_UNREACHABLE_CODE = YES;
				CLANG_WARN__DUPLICATE_METHOD_MATCH = YES;
				COPY_PHASE_STRIP = NO;
				DEBUG_INFORMATION_FORMAT = dwarf;
				ENABLE_STRICT_OBJC_MSGSEND = YES;
				ENABLE_TESTABILITY = YES;
				GCC_C_LANGUAGE_STANDARD = gnu11;
				GCC_DYNAMIC_NO_PIC = NO;
				GCC_NO_COMMON_BLOCKS = YES;
				GCC_OPTIMIZATION_LEVEL = 0;
				GCC_PREPROCESSOR_DEFINITIONS = (
					"DEBUG=1",
					"$(inherited)",
				);
				GCC_WARN_64_TO_32_BIT_CONVERSION = YES;
				GCC_WARN_ABOUT_RETURN_TYPE = YES_ERROR;
				GCC_WARN_UNDECLARED_SELECTOR = YES;
				GCC_WARN_UNINITIALIZED_AUTOS = YES_AGGRESSIVE;
				GCC_WARN_UNUSED_FUNCTION = YES;
				GCC_WARN_UNUSED_VARIABLE = YES;
				IPHONEOS_DEPLOYMENT_TARGET = 15.5;
				MTL_ENABLE_DEBUG_INFO = INCLUDE_SOURCE;
				MTL_FAST_MATH = YES;
				ONLY_ACTIVE_ARCH = YES;
				SDKROOT = iphoneos;
				SWIFT_ACTIVE_COMPILATION_CONDITIONS = DEBUG;
				SWIFT_OPTIMIZATION_LEVEL = "-Onone";
			};
			name = Debug;
		};
		5F40C2A229355DD300E2ABFD /* Release */ = {
			isa = XCBuildConfiguration;
			buildSettings = {
				ALWAYS_SEARCH_USER_PATHS = NO;
				CLANG_ANALYZER_NONNULL = YES;
				CLANG_ANALYZER_NUMBER_OBJECT_CONVERSION = YES_AGGRESSIVE;
				CLANG_CXX_LANGUAGE_STANDARD = "gnu++17";
				CLANG_ENABLE_MODULES = YES;
				CLANG_ENABLE_OBJC_ARC = YES;
				CLANG_ENABLE_OBJC_WEAK = YES;
				CLANG_WARN_BLOCK_CAPTURE_AUTORELEASING = YES;
				CLANG_WARN_BOOL_CONVERSION = YES;
				CLANG_WARN_COMMA = YES;
				CLANG_WARN_CONSTANT_CONVERSION = YES;
				CLANG_WARN_DEPRECATED_OBJC_IMPLEMENTATIONS = YES;
				CLANG_WARN_DIRECT_OBJC_ISA_USAGE = YES_ERROR;
				CLANG_WARN_DOCUMENTATION_COMMENTS = YES;
				CLANG_WARN_EMPTY_BODY = YES;
				CLANG_WARN_ENUM_CONVERSION = YES;
				CLANG_WARN_INFINITE_RECURSION = YES;
				CLANG_WARN_INT_CONVERSION = YES;
				CLANG_WARN_NON_LITERAL_NULL_CONVERSION = YES;
				CLANG_WARN_OBJC_IMPLICIT_RETAIN_SELF = YES;
				CLANG_WARN_OBJC_LITERAL_CONVERSION = YES;
				CLANG_WARN_OBJC_ROOT_CLASS = YES_ERROR;
				CLANG_WARN_QUOTED_INCLUDE_IN_FRAMEWORK_HEADER = YES;
				CLANG_WARN_RANGE_LOOP_ANALYSIS = YES;
				CLANG_WARN_STRICT_PROTOTYPES = YES;
				CLANG_WARN_SUSPICIOUS_MOVE = YES;
				CLANG_WARN_UNGUARDED_AVAILABILITY = YES_AGGRESSIVE;
				CLANG_WARN_UNREACHABLE_CODE = YES;
				CLANG_WARN__DUPLICATE_METHOD_MATCH = YES;
				COPY_PHASE_STRIP = NO;
				DEBUG_INFORMATION_FORMAT = "dwarf-with-dsym";
				ENABLE_NS_ASSERTIONS = NO;
				ENABLE_STRICT_OBJC_MSGSEND = YES;
				GCC_C_LANGUAGE_STANDARD = gnu11;
				GCC_NO_COMMON_BLOCKS = YES;
				GCC_WARN_64_TO_32_BIT_CONVERSION = YES;
				GCC_WARN_ABOUT_RETURN_TYPE = YES_ERROR;
				GCC_WARN_UNDECLARED_SELECTOR = YES;
				GCC_WARN_UNINITIALIZED_AUTOS = YES_AGGRESSIVE;
				GCC_WARN_UNUSED_FUNCTION = YES;
				GCC_WARN_UNUSED_VARIABLE = YES;
				IPHONEOS_DEPLOYMENT_TARGET = 15.5;
				MTL_ENABLE_DEBUG_INFO = NO;
				MTL_FAST_MATH = YES;
				SDKROOT = iphoneos;
				SWIFT_COMPILATION_MODE = wholemodule;
				SWIFT_OPTIMIZATION_LEVEL = "-O";
				VALIDATE_PRODUCT = YES;
			};
			name = Release;
		};
		5F40C2A429355DD300E2ABFD /* Debug */ = {
			isa = XCBuildConfiguration;
			buildSettings = {
				ASSETCATALOG_COMPILER_APPICON_NAME = AppIcon;
				ASSETCATALOG_COMPILER_GLOBAL_ACCENT_COLOR_NAME = AccentColor;
				CODE_SIGN_STYLE = Automatic;
				CURRENT_PROJECT_VERSION = 1;
				GENERATE_INFOPLIST_FILE = YES;
				INFOPLIST_FILE = Netflix/Info.plist;
				INFOPLIST_KEY_UIApplicationSupportsIndirectInputEvents = YES;
				INFOPLIST_KEY_UILaunchStoryboardName = LaunchScreen;
				INFOPLIST_KEY_UISupportedInterfaceOrientations_iPad = "UIInterfaceOrientationPortrait UIInterfaceOrientationPortraitUpsideDown UIInterfaceOrientationLandscapeLeft UIInterfaceOrientationLandscapeRight";
				INFOPLIST_KEY_UISupportedInterfaceOrientations_iPhone = "UIInterfaceOrientationPortrait UIInterfaceOrientationLandscapeLeft UIInterfaceOrientationLandscapeRight";
				LD_RUNPATH_SEARCH_PATHS = (
					"$(inherited)",
					"@executable_path/Frameworks",
				);
				MARKETING_VERSION = 1.0;
				PRODUCT_BUNDLE_IDENTIFIER = DPS.Netflix;
				PRODUCT_NAME = "$(TARGET_NAME)";
				SWIFT_EMIT_LOC_STRINGS = YES;
				SWIFT_VERSION = 5.0;
				TARGETED_DEVICE_FAMILY = "1,2";
			};
			name = Debug;
		};
		5F40C2A529355DD300E2ABFD /* Release */ = {
			isa = XCBuildConfiguration;
			buildSettings = {
				ASSETCATALOG_COMPILER_APPICON_NAME = AppIcon;
				ASSETCATALOG_COMPILER_GLOBAL_ACCENT_COLOR_NAME = AccentColor;
				CODE_SIGN_STYLE = Automatic;
				CURRENT_PROJECT_VERSION = 1;
				GENERATE_INFOPLIST_FILE = YES;
				INFOPLIST_FILE = Netflix/Info.plist;
				INFOPLIST_KEY_UIApplicationSupportsIndirectInputEvents = YES;
				INFOPLIST_KEY_UILaunchStoryboardName = LaunchScreen;
				INFOPLIST_KEY_UISupportedInterfaceOrientations_iPad = "UIInterfaceOrientationPortrait UIInterfaceOrientationPortraitUpsideDown UIInterfaceOrientationLandscapeLeft UIInterfaceOrientationLandscapeRight";
				INFOPLIST_KEY_UISupportedInterfaceOrientations_iPhone = "UIInterfaceOrientationPortrait UIInterfaceOrientationLandscapeLeft UIInterfaceOrientationLandscapeRight";
				LD_RUNPATH_SEARCH_PATHS = (
					"$(inherited)",
					"@executable_path/Frameworks",
				);
				MARKETING_VERSION = 1.0;
				PRODUCT_BUNDLE_IDENTIFIER = DPS.Netflix;
				PRODUCT_NAME = "$(TARGET_NAME)";
				SWIFT_EMIT_LOC_STRINGS = YES;
				SWIFT_VERSION = 5.0;
				TARGETED_DEVICE_FAMILY = "1,2";
			};
			name = Release;
		};
/* End XCBuildConfiguration section */

/* Begin XCConfigurationList section */
		5F40C28A29355DD200E2ABFD /* Build configuration list for PBXProject "Netflix" */ = {
			isa = XCConfigurationList;
			buildConfigurations = (
				5F40C2A129355DD300E2ABFD /* Debug */,
				5F40C2A229355DD300E2ABFD /* Release */,
			);
			defaultConfigurationIsVisible = 0;
			defaultConfigurationName = Release;
		};
		5F40C2A329355DD300E2ABFD /* Build configuration list for PBXNativeTarget "Netflix" */ = {
			isa = XCConfigurationList;
			buildConfigurations = (
				5F40C2A429355DD300E2ABFD /* Debug */,
				5F40C2A529355DD300E2ABFD /* Release */,
			);
			defaultConfigurationIsVisible = 0;
			defaultConfigurationName = Release;
		};
/* End XCConfigurationList section */

/* Begin XCRemoteSwiftPackageReference section */
		5F42D0E1293AFD42002E97D0 /* XCRemoteSwiftPackageReference "SDWebImage" */ = {
			isa = XCRemoteSwiftPackageReference;
			repositoryURL = "https://github.com/SDWebImage/SDWebImage.git";
			requirement = {
				kind = upToNextMajorVersion;
				minimumVersion = 5.0.0;
			};
		};
/* End XCRemoteSwiftPackageReference section */

/* Begin XCSwiftPackageProductDependency section */
		5F42D0E2293AFD42002E97D0 /* SDWebImage */ = {
			isa = XCSwiftPackageProductDependency;
			package = 5F42D0E1293AFD42002E97D0 /* XCRemoteSwiftPackageReference "SDWebImage" */;
			productName = SDWebImage;
		};
		5F42D0E4293AFD42002E97D0 /* SDWebImageMapKit */ = {
			isa = XCSwiftPackageProductDependency;
			package = 5F42D0E1293AFD42002E97D0 /* XCRemoteSwiftPackageReference "SDWebImage" */;
			productName = SDWebImageMapKit;
		};
/* End XCSwiftPackageProductDependency section */

/* Begin XCVersionGroup section */
		5F42D11729411B37002E97D0 /* NetflixCloneModel.xcdatamodeld */ = {
			isa = XCVersionGroup;
			children = (
				5F42D11829411B37002E97D0 /* NetflixCloneModel.xcdatamodel */,
			);
			currentVersion = 5F42D11829411B37002E97D0 /* NetflixCloneModel.xcdatamodel */;
			path = NetflixCloneModel.xcdatamodeld;
			sourceTree = "<group>";
			versionGroupType = wrapper.xcdatamodel;
		};
/* End XCVersionGroup section */
	};
	rootObject = 5F40C28729355DD200E2ABFD /* Project object */;
}
